
Microsoft Visual Studio Solution File, Format Version 12.00
# Visual Studio Version 17
VisualStudioVersion = 17.7.34221.43
MinimumVisualStudioVersion = 10.0.40219.1
Project("{FAE04EC0-301F-11D3-BF4B-00C04F79EFBC}") = "JoePizzaApp1", "JoePizzaApp1\JoePizzaApp1.csproj", "{F74EB0CF-D0FA-490D-AE0B-CB262E26EA7A}"
EndProject
Project("{FAE04EC0-301F-11D3-BF4B-00C04F79EFBC}") = "AppTesting", "AppTesting\AppTesting.csproj", "{8E217C92-13E6-499F-B0BE-09AF3544AB93}"
EndProject
Global
	GlobalSection(SolutionConfigurationPlatforms) = preSolution
		Debug|Any CPU = Debug|Any CPU
		Release|Any CPU = Release|Any CPU
	EndGlobalSection
	GlobalSection(ProjectConfigurationPlatforms) = postSolution
		{F74EB0CF-D0FA-490D-AE0B-CB262E26EA7A}.Debug|Any CPU.ActiveCfg = Debug|Any CPU
		{F74EB0CF-D0FA-490D-AE0B-CB262E26EA7A}.Debug|Any CPU.Build.0 = Debug|Any CPU
		{F74EB0CF-D0FA-490D-AE0B-CB262E26EA7A}.Release|Any CPU.ActiveCfg = Release|Any CPU
		{F74EB0CF-D0FA-490D-AE0B-CB262E26EA7A}.Release|Any CPU.Build.0 = Release|Any CPU
		{8E217C92-13E6-499F-B0BE-09AF3544AB93}.Debug|Any CPU.ActiveCfg = Debug|Any CPU
		{8E217C92-13E6-499F-B0BE-09AF3544AB93}.Debug|Any CPU.Build.0 = Debug|Any CPU
		{8E217C92-13E6-499F-B0BE-09AF3544AB93}.Release|Any CPU.ActiveCfg = Release|Any CPU
		{8E217C92-13E6-499F-B0BE-09AF3544AB93}.Release|Any CPU.Build.0 = Release|Any CPU
	EndGlobalSection
	GlobalSection(SolutionProperties) = preSolution
		HideSolutionNode = FALSE
	EndGlobalSection
	GlobalSection(ExtensibilityGlobals) = postSolution
		SolutionGuid = {3EE6E9B6-96C2-47E5-A47C-20E703937F36}
	EndGlobalSection
EndGlobal
